github.com/ebitengine/purego v0.6.0-alpha.1.0.20231122024802-192c5e846faa h1:Ik7QikRgeH+bFOfAcMpttCbs6XxWXxCLXMm4awxtOXk=
github.com/ebitengine/purego v0.6.0-alpha.1.0.20231122024802-192c5e846faa/go.mod h1:ah1In8AOtksoNK6yk5z1HTJeUkC1Ez4Wk2idgGslMwQ=
github.com/gen2brain/raylib-go/raylib v0.0.0-20240227114648-c3665eb9abf8 h1:KdLtsrVX5K+9XmHawsV/ivkHUjS7cP4dWxcYUwfoY4U=
github.com/gen2brain/raylib-go/raylib v0.0.0-20240227114648-c3665eb9abf8/go.mod h1:P/hDjVwz/9fhR0ww3+umzDpDA7Bf7Tce4xNChHIEFqE=
golang.org/x/sys v0.14.0 h1:Vz7Qs629MkJkGyHxUlRHizWJRG2j8fbQKjELVSNhy7Q=
golang.org/x/sys v0.14.0/go.mod h1:/VUhepiaJMQUp4+oa/7Zr1D23ma6VTLIYjOOTFZPUcA=
gopkg.in/h2non/bimg.v1 v1.1.9 h1:wZIUbeOnwr37Ta4aofhIv8OI8v4ujpjXC9mXnAGpQjM=
gopkg.in/h2non/bimg.v1 v1.1.9/go.mod h1:PgsZL7dLwUbsGm1NYps320GxGgvQNTnecMCZqxV11So=
